
Microsoft Visual Studio Solution File, Format Version 12.00
# Visual Studio Version 16
VisualStudioVersion = 16.0.31729.503
MinimumVisualStudioVersion = 10.0.40219.1
Project("{FAE04EC0-301F-11D3-BF4B-00C04F79EFBC}") = "Student.API", "Services\Student.API\Student.API.csproj", "{8C02370A-E053-4747-B1D4-FD2B816CA504}"
EndProject
Global
	GlobalSection(SolutionConfigurationPlatforms) = preSolution
		Debug|Any CPU = Debug|Any CPU
		Release|Any CPU = Release|Any CPU
	EndGlobalSection
	GlobalSection(ProjectConfigurationPlatforms) = postSolution
		{8C02370A-E053-4747-B1D4-FD2B816CA504}.Debug|Any CPU.ActiveCfg = Debug|Any CPU
		{8C02370A-E053-4747-B1D4-FD2B816CA504}.Debug|Any CPU.Build.0 = Debug|Any CPU
		{8C02370A-E053-4747-B1D4-FD2B816CA504}.Release|Any CPU.ActiveCfg = Release|Any CPU
		{8C02370A-E053-4747-B1D4-FD2B816CA504}.Release|Any CPU.Build.0 = Release|Any CPU
	EndGlobalSection
	GlobalSection(SolutionProperties) = preSolution
		HideSolutionNode = FALSE
	EndGlobalSection
	GlobalSection(ExtensibilityGlobals) = postSolution
		SolutionGuid = {3D692F60-5D77-410F-AC6F-42D6659A70CE}
	EndGlobalSection
EndGlobal
